{
  "name": "lib",
  "version": "1.0.0",
  "lockfileVersion": 3,
  "requires": true,
  "packages": {
    "": {
      "name": "lib",
      "version": "1.0.0",
      "license": "ISC",
      "dependencies": {
        "jquery": "^3.7.1",
        "jquery-json": "^2.6.0",
        "verto": "^0.1.1"
      }
    },
    "node_modules/jquery": {
      "version": "3.7.1",
      "resolved": "https://registry.npmjs.org/jquery/-/jquery-3.7.1.tgz",
      "integrity": "sha512-m4avr8yL8kmFN8psrbFFFmB/If14iN5o9nw/NgnnM+kybDJpRsAynV2BsfpTYrTRysYUdADVD7CkUUizgkpLfg=="
    },
    "node_modules/jquery-json": {
      "version": "2.6.0",
      "resolved": "https://registry.npmjs.org/jquery-json/-/jquery-json-2.6.0.tgz",
      "integrity": "sha512-6/Br2V9q8tD3+k973kiYLXL7tl/ilqJffWdebJ7snOo5k5h3vxh73QcUQ6ZH/44jWd8qdrWcsn4s3P7f/QThfg==",
      "deprecated": "Use native JSON.stringify and JSON.parse instead, or <https://github.com/douglascrockford/JSON-js>."
    },
    "node_modules/verto": {
      "version": "0.1.1",
      "resolved": "https://registry.npmjs.org/verto/-/verto-0.1.1.tgz",
      "integrity": "sha512-8XRA8ET6AfBJt7qCJO+05FNDHhUER2xvZN8GN92xAKJE2vaYGqCm6PF+3pY6axbUYixAtNgx+Ms8kZrYyc8FEg=="
    }
  }
}
